// !$*UTF8*$!
{
	archiveVersion = 1;
	classes = {
	};
	objectVersion = 46;
	objects = {

/* Begin PBXBuildFile section */
		527FF8D61E11941B0068B5C9 /* AppDelegate.swift in Sources */ = {isa = PBXBuildFile; fileRef = 527FF8D51E11941B0068B5C9 /* AppDelegate.swift */; };
		527FF8D81E11941B0068B5C9 /* ViewController.swift in Sources */ = {isa = PBXBuildFile; fileRef = 527FF8D71E11941B0068B5C9 /* ViewController.swift */; };
		527FF8DB1E11941B0068B5C9 /* Main.storyboard in Resources */ = {isa = PBXBuildFile; fileRef = 527FF8D91E11941B0068B5C9 /* Main.storyboard */; };
		527FF8DD1E11941B0068B5C9 /* Assets.xcassets in Resources */ = {isa = PBXBuildFile; fileRef = 527FF8DC1E11941B0068B5C9 /* Assets.xcassets */; };
		527FF8E01E11941B0068B5C9 /* LaunchScreen.storyboard in Resources */ = {isa = PBXBuildFile; fileRef = 527FF8DE1E11941B0068B5C9 /* LaunchScreen.storyboard */; };
/* End PBXBuildFile section */

/* Begin PBXFileReference section */
		527FF8D21E11941B0068B5C9 /* StarterPackGenerator.app */ = {isa = PBXFileReference; explicitFileType = wrapper.application; includeInIndex = 0; path = StarterPackGenerator.app; sourceTree = BUILT_PRODUCTS_DIR; };
		527FF8D51E11941B0068B5C9 /* AppDelegate.swift */ = {isa = PBXFileReference; lastKnownFileType = sourcecode.swift; path = AppDelegate.swift; sourceTree = "<group>"; };
		527FF8D71E11941B0068B5C9 /* ViewController.swift */ = {isa = PBXFileReference; lastKnownFileType = sourcecode.swift; path = ViewController.swift; sourceTree = "<group>"; };
		527FF8DA1E11941B0068B5C9 /* Base */ = {isa = PBXFileReference; lastKnownFileType = file.storyboard; name = Base; path = Base.lproj/Main.storyboard; sourceTree = "<group>"; };
		527FF8DC1E11941B0068B5C9 /* Assets.xcassets */ = {isa = PBXFileReference; lastKnownFileType = folder.assetcatalog; path = Assets.xcassets; sourceTree = "<group>"; };
		527FF8DF1E11941B0068B5C9 /* Base */ = {isa = PBXFileReference; lastKnownFileType = file.storyboard; name = Base; path = Base.lproj/LaunchScreen.storyboard; sourceTree = "<group>"; };
		527FF8E11E11941B0068B5C9 /* Info.plist */ = {isa = PBXFileReference; lastKnownFileType = text.plist.xml; path = Info.plist; sourceTree = "<group>"; };
/* End PBXFileReference section */

/* Begin PBXFrameworksBuildPhase section */
		527FF8CF1E11941B0068B5C9 /* Frameworks */ = {
			isa = PBXFrameworksBuildPhase;
			buildActionMask = 2147483647;
			files = (
			);
			runOnlyForDeploymentPostprocessing = 0;
		};
/* End PBXFrameworksBuildPhase section */

/* Begin PBXGroup section */
		527FF8C91E11941A0068B5C9 = {
			isa = PBXGroup;
			children = (
				527FF8D41E11941B0068B5C9 /* StarterPackGenerator */,
				527FF8D31E11941B0068B5C9 /* Products */,
			);
			sourceTree = "<group>";
		};
		527FF8D31E11941B0068B5C9 /* Products */ = {
			isa = PBXGroup;
			children = (
				527FF8D21E11941B0068B5C9 /* StarterPackGenerator.app */,
			);
			name = Products;
			sourceTree = "<group>";
		};
		527FF8D41E11941B0068B5C9 /* StarterPackGenerator */ = {
			isa = PBXGroup;
			children = (
				527FF8D51E11941B0068B5C9 /* AppDelegate.swift */,
				527FF8D71E11941B0068B5C9 /* ViewController.swift */,
				527FF8D91E11941B0068B5C9 /* Main.storyboard */,
				527FF8DC1E11941B0068B5C9 /* Assets.xcassets */,
				527FF8DE1E11941B0068B5C9 /* LaunchScreen.storyboard */,
				527FF8E11E11941B0068B5C9 /* Info.plist */,
			);
			path = StarterPackGenerator;
			sourceTree = "<group>";
		};
/* End PBXGroup section */

/* Begin PBXNativeTarget section */
		527FF8D11E11941B0068B5C9 /* StarterPackGenerator */ = {
			isa = PBXNativeTarget;
			buildConfigurationList = 527FF8E41E11941B0068B5C9 /* Build configuration list for PBXNativeTarget "StarterPackGenerator" */;
			buildPhases = (
				527FF8CE1E11941B0068B5C9 /* Sources */,
				527FF8CF1E11941B0068B5C9 /* Frameworks */,
				527FF8D01E11941B0068B5C9 /* Resources */,
			);
			buildRules = (
			);
			dependencies = (
			);
			name = StarterPackGenerator;
			productName = StarterPackGenerator;
			productReference = 527FF8D21E11941B0068B5C9 /* StarterPackGenerator.app */;
			productType = "com.apple.product-type.application";
		};
/* End PBXNativeTarget section */

/* Begin PBXProject section */
		527FF8CA1E11941A0068B5C9 /* Project object */ = {
			isa = PBXProject;
			attributes = {
				LastSwiftUpdateCheck = 0820;
				LastUpgradeCheck = 0820;
				ORGANIZATIONNAME = "Leandro Santos";
				TargetAttributes = {
					527FF8D11E11941B0068B5C9 = {
						CreatedOnToolsVersion = 8.2.1;
						ProvisioningStyle = Automatic;
					};
				};
			};
			buildConfigurationList = 527FF8CD1E11941A0068B5C9 /* Build configuration list for PBXProject "StarterPackGenerator" */;
			compatibilityVersion = "Xcode 3.2";
			developmentRegion = English;
			hasScannedForEncodings = 0;
			knownRegions = (
				en,
				Base,
			);
			mainGroup = 527FF8C91E11941A0068B5C9;
			productRefGroup = 527FF8D31E11941B0068B5C9 /* Products */;
			projectDirPath = "";
			projectRoot = "";
			targets = (
				527FF8D11E11941B0068B5C9 /* StarterPackGenerator */,
			);
		};
/* End PBXProject section */

/* Begin PBXResourcesBuildPhase section */
		527FF8D01E11941B0068B5C9 /* Resources */ = {
			isa = PBXResourcesBuildPhase;
			buildActionMask = 2147483647;
			files = (
				527FF8E01E11941B0068B5C9 /* LaunchScreen.storyboard in Resources */,
				527FF8DD1E11941B0068B5C9 /* Assets.xcassets in Resources */,
				527FF8DB1E11941B0068B5C9 /* Main.storyboard in Resources */,
			);
			runOnlyForDeploymentPostprocessing = 0;
		};
/* End PBXResourcesBuildPhase section */

/* Begin PBXSourcesBuildPhase section */
		527FF8CE1E11941B0068B5C9 /* Sources */ = {
			isa = PBXSourcesBuildPhase;
			buildActionMask = 2147483647;
			files = (
				527FF8D81E11941B0068B5C9 /* ViewController.swift in Sources */,
				527FF8D61E11941B0068B5C9 /* AppDelegate.swift in Sources */,
			);
			runOnlyForDeploymentPostprocessing = 0;
		};
/* End PBXSourcesBuildPhase section */

/* Begin PBXVariantGroup section */
		527FF8D91E11941B0068B5C9 /* Main.storyboard */ = {
			isa = PBXVariantGroup;
			children = (
				527FF8DA1E11941B0068B5C9 /* Base */,
			);
			name = Main.storyboard;
			sourceTree = "<group>";
		};
		527FF8DE1E11941B0068B5C9 /* LaunchScreen.storyboard */ = {
			isa = PBXVariantGroup;
			children = (
				527FF8DF1E11941B0068B5C9 /* Base */,
			);
			name = LaunchScreen.storyboard;
			sourceTree = "<group>";
		};
/* End PBXVariantGroup section */

/* Begin XCBuildConfiguration section */
		527FF8E21E11941B0068B5C9 /* Debug */ = {
			isa = XCBuildConfiguration;
			buildSettings = {
				ALWAYS_SEARCH_USER_PATHS = NO;
				CLANG_ANALYZER_NONNULL = YES;
				CLANG_CXX_LANGUAGE_STANDARD = "gnu++0x";
				CLANG_CXX_LIBRARY = "libc++";
				CLANG_ENABLE_MODULES = YES;
				CLANG_ENABLE_OBJC_ARC = YES;
				CLANG_WARN_BOOL_CONVERSION = YES;
				CLANG_WARN_CONSTANT_CONVERSION = YES;
				CLANG_WARN_DIRECT_OBJC_ISA_USAGE = YES_ERROR;
				CLANG_WARN_DOCUMENTATION_COMMENTS = YES;
				CLANG_WARN_EMPTY_BODY = YES;
				CLANG_WARN_ENUM_CONVERSION = YES;
				CLANG_WARN_INFINITE_RECURSION = YES;
				CLANG_WARN_INT_CONVERSION = YES;
				CLANG_WARN_OBJC_ROOT_CLASS = YES_ERROR;
				CLANG_WARN_SUSPICIOUS_MOVE = YES;
				CLANG_WARN_UNREACHABLE_CODE = YES;
				CLANG_WARN__DUPLICATE_METHOD_MATCH = YES;
				"CODE_SIGN_IDENTITY[sdk=iphoneos*]" = "iPhone Developer";
				COPY_PHASE_STRIP = NO;
				DEBUG_INFORMATION_FORMAT = dwarf;
				ENABLE_STRICT_OBJC_MSGSEND = YES;
				ENABLE_TESTABILITY = YES;
				GCC_C_LANGUAGE_STANDARD = gnu99;
				GCC_DYNAMIC_NO_PIC = NO;
				GCC_NO_COMMON_BLOCKS = YES;
				GCC_OPTIMIZATION_LEVEL = 0;
				GCC_PREPROCESSOR_DEFINITIONS = (
					"DEBUG=1",
					"$(inherited)",
				);
				GCC_WARN_64_TO_32_BIT_CONVERSION = YES;
				GCC_WARN_ABOUT_RETURN_TYPE = YES_ERROR;
				GCC_WARN_UNDECLARED_SELECTOR = YES;
				GCC_WARN_UNINITIALIZED_AUTOS = YES_AGGRESSIVE;
				GCC_WARN_UNUSED_FUNCTION = YES;
				GCC_WARN_UNUSED_VARIABLE = YES;
				IPHONEOS_DEPLOYMENT_TARGET = 10.2;
				MTL_ENABLE_DEBUG_INFO = YES;
				ONLY_ACTIVE_ARCH = YES;
				SDKROOT = iphoneos;
				SWIFT_ACTIVE_COMPILATION_CONDITIONS = DEBUG;
				SWIFT_OPTIMIZATION_LEVEL = "-Onone";
			};
			name = Debug;
		};
		527FF8E31E11941B0068B5C9 /* Release */ = {
			isa = XCBuildConfiguration;
			buildSettings = {
				ALWAYS_SEARCH_USER_PATHS = NO;
				CLANG_ANALYZER_NONNULL = YES;
				CLANG_CXX_LANGUAGE_STANDARD = "gnu++0x";
				CLANG_CXX_LIBRARY = "libc++";
				CLANG_ENABLE_MODULES = YES;
				CLANG_ENABLE_OBJC_ARC = YES;
				CLANG_WARN_BOOL_CONVERSION = YES;
				CLANG_WARN_CONSTANT_CONVERSION = YES;
				CLANG_WARN_DIRECT_OBJC_ISA_USAGE = YES_ERROR;
				CLANG_WARN_DOCUMENTATION_COMMENTS = YES;
				CLANG_WARN_EMPTY_BODY = YES;
				CLANG_WARN_ENUM_CONVERSION = YES;
				CLANG_WARN_INFINITE_RECURSION = YES;
				CLANG_WARN_INT_CONVERSION = YES;
				CLANG_WARN_OBJC_ROOT_CLASS = YES_ERROR;
				CLANG_WARN_SUSPICIOUS_MOVE = YES;
				CLANG_WARN_UNREACHABLE_CODE = YES;
				CLANG_WARN__DUPLICATE_METHOD_MATCH = YES;
				"CODE_SIGN_IDENTITY[sdk=iphoneos*]" = "iPhone Developer";
				COPY_PHASE_STRIP = NO;
				DEBUG_INFORMATION_FORMAT = "dwarf-with-dsym";
				ENABLE_NS_ASSERTIONS = NO;
				ENABLE_STRICT_OBJC_MSGSEND = YES;
				GCC_C_LANGUAGE_STANDARD = gnu99;
				GCC_NO_COMMON_BLOCKS = YES;
				GCC_WARN_64_TO_32_BIT_CONVERSION = YES;
				GCC_WARN_ABOUT_RETURN_TYPE = YES_ERROR;
				GCC_WARN_UNDECLARED_SELECTOR = YES;
				GCC_WARN_UNINITIALIZED_AUTOS = YES_AGGRESSIVE;
				GCC_WARN_UNUSED_FUNCTION = YES;
				GCC_WARN_UNUSED_VARIABLE = YES;
				IPHONEOS_DEPLOYMENT_TARGET = 10.2;
				MTL_ENABLE_DEBUG_INFO = NO;
				SDKROOT = iphoneos;
				SWIFT_OPTIMIZATION_LEVEL = "-Owholemodule";
				VALIDATE_PRODUCT = YES;
			};
			name = Release;
		};
		527FF8E51E11941B0068B5C9 /* Debug */ = {
			isa = XCBuildConfiguration;
			buildSettings = {
				ASSETCATALOG_COMPILER_APPICON_NAME = AppIcon;
				INFOPLIST_FILE = StarterPackGenerator/Info.plist;
				LD_RUNPATH_SEARCH_PATHS = "$(inherited) @executable_path/Frameworks";
				PRODUCT_BUNDLE_IDENTIFIER = leaudro.com.br.StarterPackGenerator;
				PRODUCT_NAME = "$(TARGET_NAME)";
				SWIFT_VERSION = 3.0;
			};
			name = Debug;
		};
		527FF8E61E11941B0068B5C9 /* Release */ = {
			isa = XCBuildConfiguration;
			buildSettings = {
				ASSETCATALOG_COMPILER_APPICON_NAME = AppIcon;
				INFOPLIST_FILE = StarterPackGenerator/Info.plist;
				LD_RUNPATH_SEARCH_PATHS = "$(inherited) @executable_path/Frameworks";
				PRODUCT_BUNDLE_IDENTIFIER = leaudro.com.br.StarterPackGenerator;
				PRODUCT_NAME = "$(TARGET_NAME)";
				SWIFT_VERSION = 3.0;
			};
			name = Release;
		};
/* End XCBuildConfiguration section */

/* Begin XCConfigurationList section */
		527FF8CD1E11941A0068B5C9 /* Build configuration list for PBXProject "StarterPackGenerator" */ = {
			isa = XCConfigurationList;
			buildConfigurations = (
				527FF8E21E11941B0068B5C9 /* Debug */,
				527FF8E31E11941B0068B5C9 /* Release */,
			);
			defaultConfigurationIsVisible = 0;
			defaultConfigurationName = Release;
		};
		527FF8E41E11941B0068B5C9 /* Build configuration list for PBXNativeTarget "StarterPackGenerator" */ = {
			isa = XCConfigurationList;
			buildConfigurations = (
				527FF8E51E11941B0068B5C9 /* Debug */,
				527FF8E61E11941B0068B5C9 /* Release */,
			);
			defaultConfigurationIsVisible = 0;
		};
/* End XCConfigurationList section */
	};
	rootObject = 527FF8CA1E11941A0068B5C9 /* Project object */;
}
